// !$*UTF8*$!
{
	archiveVersion = 1;
	classes = {
	};
	objectVersion = 46;
	objects = {

/* Begin PBXBuildFile section */
		65DA68E81DB21F6500C165FC /* SRCSearchEngine.m in Sources */ = {isa = PBXBuildFile; fileRef = 65DA68E71DB21F6500C165FC /* SRCSearchEngine.m */; };
		65DA68EA1DB22C0E00C165FC /* test_canned_search_response.json in Resources */ = {isa = PBXBuildFile; fileRef = 65DA68E91DB22C0E00C165FC /* test_canned_search_response.json */; };
		65DA68ED1DB22C7900C165FC /* SRCF2FTestURLProtocol.m in Sources */ = {isa = PBXBuildFile; fileRef = 65DA68EC1DB22C7900C165FC /* SRCF2FTestURLProtocol.m */; };
		65DA68EF1DB280C200C165FC /* test_canned_recipe_response.json in Resources */ = {isa = PBXBuildFile; fileRef = 65DA68EE1DB280C200C165FC /* test_canned_recipe_response.json */; };
		65DA68F11DB2855F00C165FC /* SRCF2FServiceTests.m in Sources */ = {isa = PBXBuildFile; fileRef = 65DA68F01DB2855F00C165FC /* SRCF2FServiceTests.m */; };
		65DD91781DB165770063121C /* PMKPromise+Hang.m in Sources */ = {isa = PBXBuildFile; fileRef = 65DD911C1DB165770063121C /* PMKPromise+Hang.m */; };
		65DD91791DB165770063121C /* PMKPromise+Join.m in Sources */ = {isa = PBXBuildFile; fileRef = 65DD911D1DB165770063121C /* PMKPromise+Join.m */; };
		65DD917A1DB165770063121C /* PMKPromise+Pause.m in Sources */ = {isa = PBXBuildFile; fileRef = 65DD911E1DB165770063121C /* PMKPromise+Pause.m */; };
		65DD917B1DB165770063121C /* PMKPromise+Until.m in Sources */ = {isa = PBXBuildFile; fileRef = 65DD911F1DB165770063121C /* PMKPromise+Until.m */; };
		65DD917C1DB165770063121C /* PMKPromise+When.m in Sources */ = {isa = PBXBuildFile; fileRef = 65DD91201DB165770063121C /* PMKPromise+When.m */; };
		65DD917D1DB165770063121C /* PMKPromise+Zalgo.m in Sources */ = {isa = PBXBuildFile; fileRef = 65DD91211DB165770063121C /* PMKPromise+Zalgo.m */; };
		65DD917E1DB165770063121C /* PMKPromise.m in Sources */ = {isa = PBXBuildFile; fileRef = 65DD91221DB165770063121C /* PMKPromise.m */; };
		65DD91861DB165770063121C /* LICENSE in Resources */ = {isa = PBXBuildFile; fileRef = 65DD913C1DB165770063121C /* LICENSE */; };
		65DD91891DB165770063121C /* MKAnnotationView+WebCache.m in Sources */ = {isa = PBXBuildFile; fileRef = 65DD91431DB165770063121C /* MKAnnotationView+WebCache.m */; };
		65DD918A1DB165770063121C /* NSData+ImageContentType.m in Sources */ = {isa = PBXBuildFile; fileRef = 65DD91451DB165770063121C /* NSData+ImageContentType.m */; };
		65DD918B1DB165770063121C /* NSImage+WebCache.m in Sources */ = {isa = PBXBuildFile; fileRef = 65DD91471DB165770063121C /* NSImage+WebCache.m */; };
		65DD918C1DB165770063121C /* SDImageCache.m in Sources */ = {isa = PBXBuildFile; fileRef = 65DD91491DB165770063121C /* SDImageCache.m */; };
		65DD918D1DB165770063121C /* SDImageCacheConfig.m in Sources */ = {isa = PBXBuildFile; fileRef = 65DD914B1DB165770063121C /* SDImageCacheConfig.m */; };
		65DD918E1DB165770063121C /* SDWebImageCompat.m in Sources */ = {isa = PBXBuildFile; fileRef = 65DD914D1DB165770063121C /* SDWebImageCompat.m */; };
		65DD918F1DB165770063121C /* SDWebImageDecoder.m in Sources */ = {isa = PBXBuildFile; fileRef = 65DD914F1DB165770063121C /* SDWebImageDecoder.m */; };
		65DD91901DB165770063121C /* SDWebImageDownloader.m in Sources */ = {isa = PBXBuildFile; fileRef = 65DD91511DB165770063121C /* SDWebImageDownloader.m */; };
		65DD91911DB165770063121C /* SDWebImageDownloaderOperation.m in Sources */ = {isa = PBXBuildFile; fileRef = 65DD91531DB165770063121C /* SDWebImageDownloaderOperation.m */; };
		65DD91921DB165770063121C /* SDWebImageManager.m in Sources */ = {isa = PBXBuildFile; fileRef = 65DD91551DB165770063121C /* SDWebImageManager.m */; };
		65DD91931DB165770063121C /* SDWebImagePrefetcher.m in Sources */ = {isa = PBXBuildFile; fileRef = 65DD91581DB165770063121C /* SDWebImagePrefetcher.m */; };
		65DD91941DB165770063121C /* UIButton+WebCache.m in Sources */ = {isa = PBXBuildFile; fileRef = 65DD915A1DB165770063121C /* UIButton+WebCache.m */; };
		65DD91951DB165770063121C /* UIImage+GIF.m in Sources */ = {isa = PBXBuildFile; fileRef = 65DD915C1DB165770063121C /* UIImage+GIF.m */; };
		65DD91961DB165770063121C /* UIImage+MultiFormat.m in Sources */ = {isa = PBXBuildFile; fileRef = 65DD915E1DB165770063121C /* UIImage+MultiFormat.m */; };
		65DD91971DB165770063121C /* UIImage+WebP.m in Sources */ = {isa = PBXBuildFile; fileRef = 65DD91601DB165770063121C /* UIImage+WebP.m */; };
		65DD91981DB165770063121C /* UIImageView+HighlightedWebCache.m in Sources */ = {isa = PBXBuildFile; fileRef = 65DD91621DB165770063121C /* UIImageView+HighlightedWebCache.m */; };
		65DD91991DB165770063121C /* UIImageView+WebCache.m in Sources */ = {isa = PBXBuildFile; fileRef = 65DD91641DB165770063121C /* UIImageView+WebCache.m */; };
		65DD919A1DB165770063121C /* UIView+WebCache.m in Sources */ = {isa = PBXBuildFile; fileRef = 65DD91661DB165770063121C /* UIView+WebCache.m */; };
		65DD919B1DB165770063121C /* UIView+WebCacheOperation.m in Sources */ = {isa = PBXBuildFile; fileRef = 65DD91681DB165770063121C /* UIView+WebCacheOperation.m */; };
		65DD919E1DB16EB10063121C /* SRCF2FService.m in Sources */ = {isa = PBXBuildFile; fileRef = 65DD919D1DB16EB10063121C /* SRCF2FService.m */; };
		65DD91A11DB184C00063121C /* SRCF2FRecipe.m in Sources */ = {isa = PBXBuildFile; fileRef = 65DD91A01DB184C00063121C /* SRCF2FRecipe.m */; };
		65DD91A41DB190190063121C /* SRCSignal.m in Sources */ = {isa = PBXBuildFile; fileRef = 65DD91A31DB190190063121C /* SRCSignal.m */; };
		65E7128F1DB16247009574CD /* main.m in Sources */ = {isa = PBXBuildFile; fileRef = 65E7128E1DB16247009574CD /* main.m */; };
		65E712921DB16247009574CD /* SRCAppDelegate.m in Sources */ = {isa = PBXBuildFile; fileRef = 65E712911DB16247009574CD /* SRCAppDelegate.m */; };
		65E712951DB16247009574CD /* SRCMasterViewController.m in Sources */ = {isa = PBXBuildFile; fileRef = 65E712941DB16247009574CD /* SRCMasterViewController.m */; };
		65E712981DB16247009574CD /* SRCDetailViewController.m in Sources */ = {isa = PBXBuildFile; fileRef = 65E712971DB16247009574CD /* SRCDetailViewController.m */; };
		65E7129B1DB16247009574CD /* Main.storyboard in Resources */ = {isa = PBXBuildFile; fileRef = 65E712991DB16247009574CD /* Main.storyboard */; };
		65E7129D1DB16247009574CD /* Assets.xcassets in Resources */ = {isa = PBXBuildFile; fileRef = 65E7129C1DB16247009574CD /* Assets.xcassets */; };
		65E712A01DB16247009574CD /* LaunchScreen.storyboard in Resources */ = {isa = PBXBuildFile; fileRef = 65E7129E1DB16247009574CD /* LaunchScreen.storyboard */; };
		65E712B61DB16248009574CD /* SRCSocialRecipeCatalogUITests.m in Sources */ = {isa = PBXBuildFile; fileRef = 65E712B51DB16248009574CD /* SRCSocialRecipeCatalogUITests.m */; };
/* End PBXBuildFile section */

/* Begin PBXContainerItemProxy section */
		65E712A71DB16248009574CD /* PBXContainerItemProxy */ = {
			isa = PBXContainerItemProxy;
			containerPortal = 65E712821DB16247009574CD /* Project object */;
			proxyType = 1;
			remoteGlobalIDString = 65E712891DB16247009574CD;
			remoteInfo = SocialRecipeCatalog;
		};
		65E712B21DB16248009574CD /* PBXContainerItemProxy */ = {
			isa = PBXContainerItemProxy;
			containerPortal = 65E712821DB16247009574CD /* Project object */;
			proxyType = 1;
			remoteGlobalIDString = 65E712891DB16247009574CD;
			remoteInfo = SocialRecipeCatalog;
		};
/* End PBXContainerItemProxy section */

/* Begin PBXFileReference section */
		65DA68E61DB21F6500C165FC /* SRCSearchEngine.h */ = {isa = PBXFileReference; fileEncoding = 4; lastKnownFileType = sourcecode.c.h; path = SRCSearchEngine.h; sourceTree = "<group>"; };
		65DA68E71DB21F6500C165FC /* SRCSearchEngine.m */ = {isa = PBXFileReference; fileEncoding = 4; lastKnownFileType = sourcecode.c.objc; path = SRCSearchEngine.m; sourceTree = "<group>"; };
		65DA68E91DB22C0E00C165FC /* test_canned_search_response.json */ = {isa = PBXFileReference; fileEncoding = 4; lastKnownFileType = text.json; path = test_canned_search_response.json; sourceTree = "<group>"; };
		65DA68EB1DB22C7900C165FC /* SRCF2FTestURLProtocol.h */ = {isa = PBXFileReference; fileEncoding = 4; lastKnownFileType = sourcecode.c.h; path = SRCF2FTestURLProtocol.h; sourceTree = "<group>"; };
		65DA68EC1DB22C7900C165FC /* SRCF2FTestURLProtocol.m */ = {isa = PBXFileReference; fileEncoding = 4; lastKnownFileType = sourcecode.c.objc; path = SRCF2FTestURLProtocol.m; sourceTree = "<group>"; };
		65DA68EE1DB280C200C165FC /* test_canned_recipe_response.json */ = {isa = PBXFileReference; fileEncoding = 4; lastKnownFileType = text.json; path = test_canned_recipe_response.json; sourceTree = "<group>"; };
		65DA68F01DB2855F00C165FC /* SRCF2FServiceTests.m */ = {isa = PBXFileReference; fileEncoding = 4; lastKnownFileType = sourcecode.c.objc; path = SRCF2FServiceTests.m; sourceTree = "<group>"; };
		65DD90FF1DB165770063121C /* LICENSE.text */ = {isa = PBXFileReference; fileEncoding = 4; lastKnownFileType = net.daringfireball.markdown; path = LICENSE.text; sourceTree = "<group>"; };
		65DD91001DB165770063121C /* README.markdown */ = {isa = PBXFileReference; fileEncoding = 4; lastKnownFileType = net.daringfireball.markdown; path = README.markdown; sourceTree = "<group>"; };
		65DD911C1DB165770063121C /* PMKPromise+Hang.m */ = {isa = PBXFileReference; fileEncoding = 4; lastKnownFileType = sourcecode.c.objc; path = "PMKPromise+Hang.m"; sourceTree = "<group>"; };
		65DD911D1DB165770063121C /* PMKPromise+Join.m */ = {isa = PBXFileReference; fileEncoding = 4; lastKnownFileType = sourcecode.c.objc; path = "PMKPromise+Join.m"; sourceTree = "<group>"; };
		65DD911E1DB165770063121C /* PMKPromise+Pause.m */ = {isa = PBXFileReference; fileEncoding = 4; lastKnownFileType = sourcecode.c.objc; path = "PMKPromise+Pause.m"; sourceTree = "<group>"; };
		65DD911F1DB165770063121C /* PMKPromise+Until.m */ = {isa = PBXFileReference; fileEncoding = 4; lastKnownFileType = sourcecode.c.objc; path = "PMKPromise+Until.m"; sourceTree = "<group>"; };
		65DD91201DB165770063121C /* PMKPromise+When.m */ = {isa = PBXFileReference; fileEncoding = 4; lastKnownFileType = sourcecode.c.objc; path = "PMKPromise+When.m"; sourceTree = "<group>"; };
		65DD91211DB165770063121C /* PMKPromise+Zalgo.m */ = {isa = PBXFileReference; fileEncoding = 4; lastKnownFileType = sourcecode.c.objc; path = "PMKPromise+Zalgo.m"; sourceTree = "<group>"; };
		65DD91221DB165770063121C /* PMKPromise.m */ = {isa = PBXFileReference; fileEncoding = 4; lastKnownFileType = sourcecode.c.objc; path = PMKPromise.m; sourceTree = "<group>"; };
		65DD91241DB165770063121C /* NSMethodSignatureForBlock.m */ = {isa = PBXFileReference; fileEncoding = 4; lastKnownFileType = sourcecode.c.objc; path = NSMethodSignatureForBlock.m; sourceTree = "<group>"; };
		65DD91261DB165770063121C /* fwd.h */ = {isa = PBXFileReference; fileEncoding = 4; lastKnownFileType = sourcecode.c.h; path = fwd.h; sourceTree = "<group>"; };
		65DD91271DB165770063121C /* Promise+Hang.h */ = {isa = PBXFileReference; fileEncoding = 4; lastKnownFileType = sourcecode.c.h; path = "Promise+Hang.h"; sourceTree = "<group>"; };
		65DD91281DB165770063121C /* Promise+Join.h */ = {isa = PBXFileReference; fileEncoding = 4; lastKnownFileType = sourcecode.c.h; path = "Promise+Join.h"; sourceTree = "<group>"; };
		65DD91291DB165770063121C /* Promise+Pause.h */ = {isa = PBXFileReference; fileEncoding = 4; lastKnownFileType = sourcecode.c.h; path = "Promise+Pause.h"; sourceTree = "<group>"; };
		65DD912A1DB165770063121C /* Promise+Until.h */ = {isa = PBXFileReference; fileEncoding = 4; lastKnownFileType = sourcecode.c.h; path = "Promise+Until.h"; sourceTree = "<group>"; };
		65DD912B1DB165770063121C /* Promise+When.h */ = {isa = PBXFileReference; fileEncoding = 4; lastKnownFileType = sourcecode.c.h; path = "Promise+When.h"; sourceTree = "<group>"; };
		65DD912C1DB165770063121C /* Promise+Zalgo.h */ = {isa = PBXFileReference; fileEncoding = 4; lastKnownFileType = sourcecode.c.h; path = "Promise+Zalgo.h"; sourceTree = "<group>"; };
		65DD912D1DB165770063121C /* Promise.h */ = {isa = PBXFileReference; fileEncoding = 4; lastKnownFileType = sourcecode.c.h; path = Promise.h; sourceTree = "<group>"; };
		65DD912E1DB165770063121C /* PromiseKit.h */ = {isa = PBXFileReference; fileEncoding = 4; lastKnownFileType = sourcecode.c.h; path = PromiseKit.h; sourceTree = "<group>"; };
		65DD913C1DB165770063121C /* LICENSE */ = {isa = PBXFileReference; fileEncoding = 4; lastKnownFileType = text; path = LICENSE; sourceTree = "<group>"; };
		65DD913D1DB165770063121C /* README.md */ = {isa = PBXFileReference; fileEncoding = 4; lastKnownFileType = net.daringfireball.markdown; path = README.md; sourceTree = "<group>"; };
		65DD91421DB165770063121C /* MKAnnotationView+WebCache.h */ = {isa = PBXFileReference; fileEncoding = 4; lastKnownFileType = sourcecode.c.h; path = "MKAnnotationView+WebCache.h"; sourceTree = "<group>"; };
		65DD91431DB165770063121C /* MKAnnotationView+WebCache.m */ = {isa = PBXFileReference; fileEncoding = 4; lastKnownFileType = sourcecode.c.objc; path = "MKAnnotationView+WebCache.m"; sourceTree = "<group>"; };
		65DD91441DB165770063121C /* NSData+ImageContentType.h */ = {isa = PBXFileReference; fileEncoding = 4; lastKnownFileType = sourcecode.c.h; path = "NSData+ImageContentType.h"; sourceTree = "<group>"; };
		65DD91451DB165770063121C /* NSData+ImageContentType.m */ = {isa = PBXFileReference; fileEncoding = 4; lastKnownFileType = sourcecode.c.objc; path = "NSData+ImageContentType.m"; sourceTree = "<group>"; };
		65DD91461DB165770063121C /* NSImage+WebCache.h */ = {isa = PBXFileReference; fileEncoding = 4; lastKnownFileType = sourcecode.c.h; path = "NSImage+WebCache.h"; sourceTree = "<group>"; };
		65DD91471DB165770063121C /* NSImage+WebCache.m */ = {isa = PBXFileReference; fileEncoding = 4; lastKnownFileType = sourcecode.c.objc; path = "NSImage+WebCache.m"; sourceTree = "<group>"; };
		65DD91481DB165770063121C /* SDImageCache.h */ = {isa = PBXFileReference; fileEncoding = 4; lastKnownFileType = sourcecode.c.h; path = SDImageCache.h; sourceTree = "<group>"; };
		65DD91491DB165770063121C /* SDImageCache.m */ = {isa = PBXFileReference; fileEncoding = 4; lastKnownFileType = sourcecode.c.objc; path = SDImageCache.m; sourceTree = "<group>"; };
		65DD914A1DB165770063121C /* SDImageCacheConfig.h */ = {isa = PBXFileReference; fileEncoding = 4; lastKnownFileType = sourcecode.c.h; path = SDImageCacheConfig.h; sourceTree = "<group>"; };
		65DD914B1DB165770063121C /* SDImageCacheConfig.m */ = {isa = PBXFileReference; fileEncoding = 4; lastKnownFileType = sourcecode.c.objc; path = SDImageCacheConfig.m; sourceTree = "<group>"; };
		65DD914C1DB165770063121C /* SDWebImageCompat.h */ = {isa = PBXFileReference; fileEncoding = 4; lastKnownFileType = sourcecode.c.h; path = SDWebImageCompat.h; sourceTree = "<group>"; };
		65DD914D1DB165770063121C /* SDWebImageCompat.m */ = {isa = PBXFileReference; fileEncoding = 4; lastKnownFileType = sourcecode.c.objc; path = SDWebImageCompat.m; sourceTree = "<group>"; };
		65DD914E1DB165770063121C /* SDWebImageDecoder.h */ = {isa = PBXFileReference; fileEncoding = 4; lastKnownFileType = sourcecode.c.h; path = SDWebImageDecoder.h; sourceTree = "<group>"; };
		65DD914F1DB165770063121C /* SDWebImageDecoder.m */ = {isa = PBXFileReference; fileEncoding = 4; lastKnownFileType = sourcecode.c.objc; path = SDWebImageDecoder.m; sourceTree = "<group>"; };
		65DD91501DB165770063121C /* SDWebImageDownloader.h */ = {isa = PBXFileReference; fileEncoding = 4; lastKnownFileType = sourcecode.c.h; path = SDWebImageDownloader.h; sourceTree = "<group>"; };
		65DD91511DB165770063121C /* SDWebImageDownloader.m */ = {isa = PBXFileReference; fileEncoding = 4; lastKnownFileType = sourcecode.c.objc; path = SDWebImageDownloader.m; sourceTree = "<group>"; };
		65DD91521DB165770063121C /* SDWebImageDownloaderOperation.h */ = {isa = PBXFileReference; fileEncoding = 4; lastKnownFileType = sourcecode.c.h; path = SDWebImageDownloaderOperation.h; sourceTree = "<group>"; };
		65DD91531DB165770063121C /* SDWebImageDownloaderOperation.m */ = {isa = PBXFileReference; fileEncoding = 4; lastKnownFileType = sourcecode.c.objc; path = SDWebImageDownloaderOperation.m; sourceTree = "<group>"; };
		65DD91541DB165770063121C /* SDWebImageManager.h */ = {isa = PBXFileReference; fileEncoding = 4; lastKnownFileType = sourcecode.c.h; path = SDWebImageManager.h; sourceTree = "<group>"; };
		65DD91551DB165770063121C /* SDWebImageManager.m */ = {isa = PBXFileReference; fileEncoding = 4; lastKnownFileType = sourcecode.c.objc; path = SDWebImageManager.m; sourceTree = "<group>"; };
		65DD91561DB165770063121C /* SDWebImageOperation.h */ = {isa = PBXFileReference; fileEncoding = 4; lastKnownFileType = sourcecode.c.h; path = SDWebImageOperation.h; sourceTree = "<group>"; };
		65DD91571DB165770063121C /* SDWebImagePrefetcher.h */ = {isa = PBXFileReference; fileEncoding = 4; lastKnownFileType = sourcecode.c.h; path = SDWebImagePrefetcher.h; sourceTree = "<group>"; };
		65DD91581DB165770063121C /* SDWebImagePrefetcher.m */ = {isa = PBXFileReference; fileEncoding = 4; lastKnownFileType = sourcecode.c.objc; path = SDWebImagePrefetcher.m; sourceTree = "<group>"; };
		65DD91591DB165770063121C /* UIButton+WebCache.h */ = {isa = PBXFileReference; fileEncoding = 4; lastKnownFileType = sourcecode.c.h; path = "UIButton+WebCache.h"; sourceTree = "<group>"; };
		65DD915A1DB165770063121C /* UIButton+WebCache.m */ = {isa = PBXFileReference; fileEncoding = 4; lastKnownFileType = sourcecode.c.objc; path = "UIButton+WebCache.m"; sourceTree = "<group>"; };
		65DD915B1DB165770063121C /* UIImage+GIF.h */ = {isa = PBXFileReference; fileEncoding = 4; lastKnownFileType = sourcecode.c.h; path = "UIImage+GIF.h"; sourceTree = "<group>"; };
		65DD915C1DB165770063121C /* UIImage+GIF.m */ = {isa = PBXFileReference; fileEncoding = 4; lastKnownFileType = sourcecode.c.objc; path = "UIImage+GIF.m"; sourceTree = "<group>"; };
		65DD915D1DB165770063121C /* UIImage+MultiFormat.h */ = {isa = PBXFileReference; fileEncoding = 4; lastKnownFileType = sourcecode.c.h; path = "UIImage+MultiFormat.h"; sourceTree = "<group>"; };
		65DD915E1DB165770063121C /* UIImage+MultiFormat.m */ = {isa = PBXFileReference; fileEncoding = 4; lastKnownFileType = sourcecode.c.objc; path = "UIImage+MultiFormat.m"; sourceTree = "<group>"; };
		65DD915F1DB165770063121C /* UIImage+WebP.h */ = {isa = PBXFileReference; fileEncoding = 4; lastKnownFileType = sourcecode.c.h; path = "UIImage+WebP.h"; sourceTree = "<group>"; };
		65DD91601DB165770063121C /* UIImage+WebP.m */ = {isa = PBXFileReference; fileEncoding = 4; lastKnownFileType = sourcecode.c.objc; path = "UIImage+WebP.m"; sourceTree = "<group>"; };
		65DD91611DB165770063121C /* UIImageView+HighlightedWebCache.h */ = {isa = PBXFileReference; fileEncoding = 4; lastKnownFileType = sourcecode.c.h; path = "UIImageView+HighlightedWebCache.h"; sourceTree = "<group>"; };
		65DD91621DB165770063121C /* UIImageView+HighlightedWebCache.m */ = {isa = PBXFileReference; fileEncoding = 4; lastKnownFileType = sourcecode.c.objc; path = "UIImageView+HighlightedWebCache.m"; sourceTree = "<group>"; };
		65DD91631DB165770063121C /* UIImageView+WebCache.h */ = {isa = PBXFileReference; fileEncoding = 4; lastKnownFileType = sourcecode.c.h; path = "UIImageView+WebCache.h"; sourceTree = "<group>"; };
		65DD91641DB165770063121C /* UIImageView+WebCache.m */ = {isa = PBXFileReference; fileEncoding = 4; lastKnownFileType = sourcecode.c.objc; path = "UIImageView+WebCache.m"; sourceTree = "<group>"; };
		65DD91651DB165770063121C /* UIView+WebCache.h */ = {isa = PBXFileReference; fileEncoding = 4; lastKnownFileType = sourcecode.c.h; path = "UIView+WebCache.h"; sourceTree = "<group>"; };
		65DD91661DB165770063121C /* UIView+WebCache.m */ = {isa = PBXFileReference; fileEncoding = 4; lastKnownFileType = sourcecode.c.objc; path = "UIView+WebCache.m"; sourceTree = "<group>"; };
		65DD91671DB165770063121C /* UIView+WebCacheOperation.h */ = {isa = PBXFileReference; fileEncoding = 4; lastKnownFileType = sourcecode.c.h; path = "UIView+WebCacheOperation.h"; sourceTree = "<group>"; };
		65DD91681DB165770063121C /* UIView+WebCacheOperation.m */ = {isa = PBXFileReference; fileEncoding = 4; lastKnownFileType = sourcecode.c.objc; path = "UIView+WebCacheOperation.m"; sourceTree = "<group>"; };
		65DD919C1DB16EB10063121C /* SRCF2FService.h */ = {isa = PBXFileReference; fileEncoding = 4; lastKnownFileType = sourcecode.c.h; path = SRCF2FService.h; sourceTree = "<group>"; };
		65DD919D1DB16EB10063121C /* SRCF2FService.m */ = {isa = PBXFileReference; fileEncoding = 4; lastKnownFileType = sourcecode.c.objc; path = SRCF2FService.m; sourceTree = "<group>"; };
		65DD919F1DB184C00063121C /* SRCF2FRecipe.h */ = {isa = PBXFileReference; fileEncoding = 4; lastKnownFileType = sourcecode.c.h; path = SRCF2FRecipe.h; sourceTree = "<group>"; };
		65DD91A01DB184C00063121C /* SRCF2FRecipe.m */ = {isa = PBXFileReference; fileEncoding = 4; lastKnownFileType = sourcecode.c.objc; path = SRCF2FRecipe.m; sourceTree = "<group>"; };
		65DD91A21DB190190063121C /* SRCSignal.h */ = {isa = PBXFileReference; fileEncoding = 4; lastKnownFileType = sourcecode.c.h; path = SRCSignal.h; sourceTree = "<group>"; };
		65DD91A31DB190190063121C /* SRCSignal.m */ = {isa = PBXFileReference; fileEncoding = 4; lastKnownFileType = sourcecode.c.objc; path = SRCSignal.m; sourceTree = "<group>"; };
		65E7128A1DB16247009574CD /* SocialRecipeCatalog.app */ = {isa = PBXFileReference; explicitFileType = wrapper.application; includeInIndex = 0; path = SocialRecipeCatalog.app; sourceTree = BUILT_PRODUCTS_DIR; };
		65E7128E1DB16247009574CD /* main.m */ = {isa = PBXFileReference; lastKnownFileType = sourcecode.c.objc; path = main.m; sourceTree = "<group>"; };
		65E712901DB16247009574CD /* SRCAppDelegate.h */ = {isa = PBXFileReference; lastKnownFileType = sourcecode.c.h; path = SRCAppDelegate.h; sourceTree = "<group>"; };
		65E712911DB16247009574CD /* SRCAppDelegate.m */ = {isa = PBXFileReference; lastKnownFileType = sourcecode.c.objc; path = SRCAppDelegate.m; sourceTree = "<group>"; };
		65E712931DB16247009574CD /* SRCMasterViewController.h */ = {isa = PBXFileReference; lastKnownFileType = sourcecode.c.h; path = SRCMasterViewController.h; sourceTree = "<group>"; };
		65E712941DB16247009574CD /* SRCMasterViewController.m */ = {isa = PBXFileReference; lastKnownFileType = sourcecode.c.objc; path = SRCMasterViewController.m; sourceTree = "<group>"; };
		65E712961DB16247009574CD /* SRCDetailViewController.h */ = {isa = PBXFileReference; lastKnownFileType = sourcecode.c.h; path = SRCDetailViewController.h; sourceTree = "<group>"; };
		65E712971DB16247009574CD /* SRCDetailViewController.m */ = {isa = PBXFileReference; lastKnownFileType = sourcecode.c.objc; path = SRCDetailViewController.m; sourceTree = "<group>"; };
		65E7129A1DB16247009574CD /* Base */ = {isa = PBXFileReference; lastKnownFileType = file.storyboard; name = Base; path = Base.lproj/Main.storyboard; sourceTree = "<group>"; };
		65E7129C1DB16247009574CD /* Assets.xcassets */ = {isa = PBXFileReference; lastKnownFileType = folder.assetcatalog; path = Assets.xcassets; sourceTree = "<group>"; };
		65E7129F1DB16247009574CD /* Base */ = {isa = PBXFileReference; lastKnownFileType = file.storyboard; name = Base; path = Base.lproj/LaunchScreen.storyboard; sourceTree = "<group>"; };
		65E712A11DB16247009574CD /* Info.plist */ = {isa = PBXFileReference; lastKnownFileType = text.plist.xml; path = Info.plist; sourceTree = "<group>"; };
		65E712A61DB16248009574CD /* SocialRecipeCatalogTests.xctest */ = {isa = PBXFileReference; explicitFileType = wrapper.cfbundle; includeInIndex = 0; path = SocialRecipeCatalogTests.xctest; sourceTree = BUILT_PRODUCTS_DIR; };
		65E712AC1DB16248009574CD /* Info.plist */ = {isa = PBXFileReference; lastKnownFileType = text.plist.xml; path = Info.plist; sourceTree = "<group>"; };
		65E712B11DB16248009574CD /* SocialRecipeCatalogUITests.xctest */ = {isa = PBXFileReference; explicitFileType = wrapper.cfbundle; includeInIndex = 0; path = SocialRecipeCatalogUITests.xctest; sourceTree = BUILT_PRODUCTS_DIR; };
		65E712B51DB16248009574CD /* SRCSocialRecipeCatalogUITests.m */ = {isa = PBXFileReference; lastKnownFileType = sourcecode.c.objc; path = SRCSocialRecipeCatalogUITests.m; sourceTree = "<group>"; };
		65E712B71DB16248009574CD /* Info.plist */ = {isa = PBXFileReference; lastKnownFileType = text.plist.xml; path = Info.plist; sourceTree = "<group>"; };
/* End PBXFileReference section */

/* Begin PBXFrameworksBuildPhase section */
		65E712871DB16247009574CD /* Frameworks */ = {
			isa = PBXFrameworksBuildPhase;
			buildActionMask = 2147483647;
			files = (
			);
			runOnlyForDeploymentPostprocessing = 0;
		};
		65E712A31DB16248009574CD /* Frameworks */ = {
			isa = PBXFrameworksBuildPhase;
			buildActionMask = 2147483647;
			files = (
			);
			runOnlyForDeploymentPostprocessing = 0;
		};
		65E712AE1DB16248009574CD /* Frameworks */ = {
			isa = PBXFrameworksBuildPhase;
			buildActionMask = 2147483647;
			files = (
			);
			runOnlyForDeploymentPostprocessing = 0;
		};
/* End PBXFrameworksBuildPhase section */

/* Begin PBXGroup section */
		65DD90FD1DB165770063121C /* Vendor */ = {
			isa = PBXGroup;
			children = (
				65DD90FE1DB165770063121C /* PromiseKit */,
				65DD913B1DB165770063121C /* SDWebImage */,
			);
			path = Vendor;
			sourceTree = "<group>";
		};
		65DD90FE1DB165770063121C /* PromiseKit */ = {
			isa = PBXGroup;
			children = (
				65DD90FF1DB165770063121C /* LICENSE.text */,
				65DD91001DB165770063121C /* README.markdown */,
				65DD91011DB165770063121C /* Sources */,
			);
			path = PromiseKit;
			sourceTree = "<group>";
		};
		65DD91011DB165770063121C /* Sources */ = {
			isa = PBXGroup;
			children = (
				65DD911C1DB165770063121C /* PMKPromise+Hang.m */,
				65DD911D1DB165770063121C /* PMKPromise+Join.m */,
				65DD911E1DB165770063121C /* PMKPromise+Pause.m */,
				65DD911F1DB165770063121C /* PMKPromise+Until.m */,
				65DD91201DB165770063121C /* PMKPromise+When.m */,
				65DD91211DB165770063121C /* PMKPromise+Zalgo.m */,
				65DD91221DB165770063121C /* PMKPromise.m */,
				65DD91231DB165770063121C /* Private */,
				65DD91251DB165770063121C /* PromiseKit */,
				65DD912E1DB165770063121C /* PromiseKit.h */,
			);
			path = Sources;
			sourceTree = "<group>";
		};
		65DD91231DB165770063121C /* Private */ = {
			isa = PBXGroup;
			children = (
				65DD91241DB165770063121C /* NSMethodSignatureForBlock.m */,
			);
			path = Private;
			sourceTree = "<group>";
		};
		65DD91251DB165770063121C /* PromiseKit */ = {
			isa = PBXGroup;
			children = (
				65DD91261DB165770063121C /* fwd.h */,
				65DD91271DB165770063121C /* Promise+Hang.h */,
				65DD91281DB165770063121C /* Promise+Join.h */,
				65DD91291DB165770063121C /* Promise+Pause.h */,
				65DD912A1DB165770063121C /* Promise+Until.h */,
				65DD912B1DB165770063121C /* Promise+When.h */,
				65DD912C1DB165770063121C /* Promise+Zalgo.h */,
				65DD912D1DB165770063121C /* Promise.h */,
			);
			path = PromiseKit;
			sourceTree = "<group>";
		};
		65DD913B1DB165770063121C /* SDWebImage */ = {
			isa = PBXGroup;
			children = (
				65DD913C1DB165770063121C /* LICENSE */,
				65DD913D1DB165770063121C /* README.md */,
				65DD913E1DB165770063121C /* SDWebImage */,
			);
			path = SDWebImage;
			sourceTree = "<group>";
		};
		65DD913E1DB165770063121C /* SDWebImage */ = {
			isa = PBXGroup;
			children = (
				65DD91421DB165770063121C /* MKAnnotationView+WebCache.h */,
				65DD91431DB165770063121C /* MKAnnotationView+WebCache.m */,
				65DD91441DB165770063121C /* NSData+ImageContentType.h */,
				65DD91451DB165770063121C /* NSData+ImageContentType.m */,
				65DD91461DB165770063121C /* NSImage+WebCache.h */,
				65DD91471DB165770063121C /* NSImage+WebCache.m */,
				65DD91481DB165770063121C /* SDImageCache.h */,
				65DD91491DB165770063121C /* SDImageCache.m */,
				65DD914A1DB165770063121C /* SDImageCacheConfig.h */,
				65DD914B1DB165770063121C /* SDImageCacheConfig.m */,
				65DD914C1DB165770063121C /* SDWebImageCompat.h */,
				65DD914D1DB165770063121C /* SDWebImageCompat.m */,
				65DD914E1DB165770063121C /* SDWebImageDecoder.h */,
				65DD914F1DB165770063121C /* SDWebImageDecoder.m */,
				65DD91501DB165770063121C /* SDWebImageDownloader.h */,
				65DD91511DB165770063121C /* SDWebImageDownloader.m */,
				65DD91521DB165770063121C /* SDWebImageDownloaderOperation.h */,
				65DD91531DB165770063121C /* SDWebImageDownloaderOperation.m */,
				65DD91541DB165770063121C /* SDWebImageManager.h */,
				65DD91551DB165770063121C /* SDWebImageManager.m */,
				65DD91561DB165770063121C /* SDWebImageOperation.h */,
				65DD91571DB165770063121C /* SDWebImagePrefetcher.h */,
				65DD91581DB165770063121C /* SDWebImagePrefetcher.m */,
				65DD91591DB165770063121C /* UIButton+WebCache.h */,
				65DD915A1DB165770063121C /* UIButton+WebCache.m */,
				65DD915B1DB165770063121C /* UIImage+GIF.h */,
				65DD915C1DB165770063121C /* UIImage+GIF.m */,
				65DD915D1DB165770063121C /* UIImage+MultiFormat.h */,
				65DD915E1DB165770063121C /* UIImage+MultiFormat.m */,
				65DD915F1DB165770063121C /* UIImage+WebP.h */,
				65DD91601DB165770063121C /* UIImage+WebP.m */,
				65DD91611DB165770063121C /* UIImageView+HighlightedWebCache.h */,
				65DD91621DB165770063121C /* UIImageView+HighlightedWebCache.m */,
				65DD91631DB165770063121C /* UIImageView+WebCache.h */,
				65DD91641DB165770063121C /* UIImageView+WebCache.m */,
				65DD91651DB165770063121C /* UIView+WebCache.h */,
				65DD91661DB165770063121C /* UIView+WebCache.m */,
				65DD91671DB165770063121C /* UIView+WebCacheOperation.h */,
				65DD91681DB165770063121C /* UIView+WebCacheOperation.m */,
			);
			path = SDWebImage;
			sourceTree = "<group>";
		};
		65E712811DB16247009574CD = {
			isa = PBXGroup;
			children = (
				65E7128C1DB16247009574CD /* SocialRecipeCatalog */,
				65E712A91DB16248009574CD /* SocialRecipeCatalogTests */,
				65E712B41DB16248009574CD /* SocialRecipeCatalogUITests */,
				65E7128B1DB16247009574CD /* Products */,
			);
			sourceTree = "<group>";
		};
		65E7128B1DB16247009574CD /* Products */ = {
			isa = PBXGroup;
			children = (
				65E7128A1DB16247009574CD /* SocialRecipeCatalog.app */,
				65E712A61DB16248009574CD /* SocialRecipeCatalogTests.xctest */,
				65E712B11DB16248009574CD /* SocialRecipeCatalogUITests.xctest */,
			);
			name = Products;
			sourceTree = "<group>";
		};
		65E7128C1DB16247009574CD /* SocialRecipeCatalog */ = {
			isa = PBXGroup;
			children = (
				65DD90FD1DB165770063121C /* Vendor */,
				65E712901DB16247009574CD /* SRCAppDelegate.h */,
				65E712911DB16247009574CD /* SRCAppDelegate.m */,
				65E712931DB16247009574CD /* SRCMasterViewController.h */,
				65E712941DB16247009574CD /* SRCMasterViewController.m */,
				65E712961DB16247009574CD /* SRCDetailViewController.h */,
				65E712971DB16247009574CD /* SRCDetailViewController.m */,
				65E712991DB16247009574CD /* Main.storyboard */,
				65E7129C1DB16247009574CD /* Assets.xcassets */,
				65E7129E1DB16247009574CD /* LaunchScreen.storyboard */,
				65E712A11DB16247009574CD /* Info.plist */,
				65E7128D1DB16247009574CD /* Supporting Files */,
				65DD919C1DB16EB10063121C /* SRCF2FService.h */,
				65DD919D1DB16EB10063121C /* SRCF2FService.m */,
				65DD919F1DB184C00063121C /* SRCF2FRecipe.h */,
				65DD91A01DB184C00063121C /* SRCF2FRecipe.m */,
				65DD91A21DB190190063121C /* SRCSignal.h */,
				65DD91A31DB190190063121C /* SRCSignal.m */,
				65DA68E61DB21F6500C165FC /* SRCSearchEngine.h */,
				65DA68E71DB21F6500C165FC /* SRCSearchEngine.m */,
				65DA68EB1DB22C7900C165FC /* SRCF2FTestURLProtocol.h */,
				65DA68EC1DB22C7900C165FC /* SRCF2FTestURLProtocol.m */,
				65DA68E91DB22C0E00C165FC /* test_canned_search_response.json */,
				65DA68EE1DB280C200C165FC /* test_canned_recipe_response.json */,
			);
			path = SocialRecipeCatalog;
			sourceTree = "<group>";
		};
		65E7128D1DB16247009574CD /* Supporting Files */ = {
			isa = PBXGroup;
			children = (
				65E7128E1DB16247009574CD /* main.m */,
			);
			name = "Supporting Files";
			sourceTree = "<group>";
		};
		65E712A91DB16248009574CD /* SocialRecipeCatalogTests */ = {
			isa = PBXGroup;
			children = (
				65E712AC1DB16248009574CD /* Info.plist */,
				65DA68F01DB2855F00C165FC /* SRCF2FServiceTests.m */,
			);
			path = SocialRecipeCatalogTests;
			sourceTree = "<group>";
		};
		65E712B41DB16248009574CD /* SocialRecipeCatalogUITests */ = {
			isa = PBXGroup;
			children = (
				65E712B51DB16248009574CD /* SRCSocialRecipeCatalogUITests.m */,
				65E712B71DB16248009574CD /* Info.plist */,
			);
			path = SocialRecipeCatalogUITests;
			sourceTree = "<group>";
		};
/* End PBXGroup section */

/* Begin PBXNativeTarget section */
		65E712891DB16247009574CD /* SocialRecipeCatalog */ = {
			isa = PBXNativeTarget;
			buildConfigurationList = 65E712BA1DB16248009574CD /* Build configuration list for PBXNativeTarget "SocialRecipeCatalog" */;
			buildPhases = (
				65E712861DB16247009574CD /* Sources */,
				65E712871DB16247009574CD /* Frameworks */,
				65E712881DB16247009574CD /* Resources */,
			);
			buildRules = (
			);
			dependencies = (
			);
			name = SocialRecipeCatalog;
			productName = SocialRecipeCatalog;
			productReference = 65E7128A1DB16247009574CD /* SocialRecipeCatalog.app */;
			productType = "com.apple.product-type.application";
		};
		65E712A51DB16248009574CD /* SocialRecipeCatalogTests */ = {
			isa = PBXNativeTarget;
			buildConfigurationList = 65E712BD1DB16248009574CD /* Build configuration list for PBXNativeTarget "SocialRecipeCatalogTests" */;
			buildPhases = (
				65E712A21DB16248009574CD /* Sources */,
				65E712A31DB16248009574CD /* Frameworks */,
				65E712A41DB16248009574CD /* Resources */,
			);
			buildRules = (
			);
			dependencies = (
				65E712A81DB16248009574CD /* PBXTargetDependency */,
			);
			name = SocialRecipeCatalogTests;
			productName = SocialRecipeCatalogTests;
			productReference = 65E712A61DB16248009574CD /* SocialRecipeCatalogTests.xctest */;
			productType = "com.apple.product-type.bundle.unit-test";
		};
		65E712B01DB16248009574CD /* SocialRecipeCatalogUITests */ = {
			isa = PBXNativeTarget;
			buildConfigurationList = 65E712C01DB16248009574CD /* Build configuration list for PBXNativeTarget "SocialRecipeCatalogUITests" */;
			buildPhases = (
				65E712AD1DB16248009574CD /* Sources */,
				65E712AE1DB16248009574CD /* Frameworks */,
				65E712AF1DB16248009574CD /* Resources */,
			);
			buildRules = (
			);
			dependencies = (
				65E712B31DB16248009574CD /* PBXTargetDependency */,
			);
			name = SocialRecipeCatalogUITests;
			productName = SocialRecipeCatalogUITests;
			productReference = 65E712B11DB16248009574CD /* SocialRecipeCatalogUITests.xctest */;
			productType = "com.apple.product-type.bundle.ui-testing";
		};
/* End PBXNativeTarget section */

/* Begin PBXProject section */
		65E712821DB16247009574CD /* Project object */ = {
			isa = PBXProject;
			attributes = {
				LastUpgradeCheck = 0730;
				ORGANIZATIONNAME = "Brainroom Ltd.";
				TargetAttributes = {
					65E712891DB16247009574CD = {
						CreatedOnToolsVersion = 7.3.1;
					};
					65E712A51DB16248009574CD = {
						CreatedOnToolsVersion = 7.3.1;
						TestTargetID = 65E712891DB16247009574CD;
					};
					65E712B01DB16248009574CD = {
						CreatedOnToolsVersion = 7.3.1;
						TestTargetID = 65E712891DB16247009574CD;
					};
				};
			};
			buildConfigurationList = 65E712851DB16247009574CD /* Build configuration list for PBXProject "SocialRecipeCatalog" */;
			compatibilityVersion = "Xcode 3.2";
			developmentRegion = English;
			hasScannedForEncodings = 0;
			knownRegions = (
				en,
				Base,
			);
			mainGroup = 65E712811DB16247009574CD;
			productRefGroup = 65E7128B1DB16247009574CD /* Products */;
			projectDirPath = "";
			projectRoot = "";
			targets = (
				65E712891DB16247009574CD /* SocialRecipeCatalog */,
				65E712A51DB16248009574CD /* SocialRecipeCatalogTests */,
				65E712B01DB16248009574CD /* SocialRecipeCatalogUITests */,
			);
		};
/* End PBXProject section */

/* Begin PBXResourcesBuildPhase section */
		65E712881DB16247009574CD /* Resources */ = {
			isa = PBXResourcesBuildPhase;
			buildActionMask = 2147483647;
			files = (
				65DA68EF1DB280C200C165FC /* test_canned_recipe_response.json in Resources */,
				65E712A01DB16247009574CD /* LaunchScreen.storyboard in Resources */,
				65E7129D1DB16247009574CD /* Assets.xcassets in Resources */,
				65DA68EA1DB22C0E00C165FC /* test_canned_search_response.json in Resources */,
				65DD91861DB165770063121C /* LICENSE in Resources */,
				65E7129B1DB16247009574CD /* Main.storyboard in Resources */,
			);
			runOnlyForDeploymentPostprocessing = 0;
		};
		65E712A41DB16248009574CD /* Resources */ = {
			isa = PBXResourcesBuildPhase;
			buildActionMask = 2147483647;
			files = (
			);
			runOnlyForDeploymentPostprocessing = 0;
		};
		65E712AF1DB16248009574CD /* Resources */ = {
			isa = PBXResourcesBuildPhase;
			buildActionMask = 2147483647;
			files = (
			);
			runOnlyForDeploymentPostprocessing = 0;
		};
/* End PBXResourcesBuildPhase section */

/* Begin PBXSourcesBuildPhase section */
		65E712861DB16247009574CD /* Sources */ = {
			isa = PBXSourcesBuildPhase;
			buildActionMask = 2147483647;
			files = (
				65DD91981DB165770063121C /* UIImageView+HighlightedWebCache.m in Sources */,
				65DD919A1DB165770063121C /* UIView+WebCache.m in Sources */,
				65DD919E1DB16EB10063121C /* SRCF2FService.m in Sources */,
				65DD91781DB165770063121C /* PMKPromise+Hang.m in Sources */,
				65E712921DB16247009574CD /* SRCAppDelegate.m in Sources */,
				65E712951DB16247009574CD /* SRCMasterViewController.m in Sources */,
				65E7128F1DB16247009574CD /* main.m in Sources */,
				65DD918C1DB165770063121C /* SDImageCache.m in Sources */,
				65DD91921DB165770063121C /* SDWebImageManager.m in Sources */,
				65DD91991DB165770063121C /* UIImageView+WebCache.m in Sources */,
				65DD919B1DB165770063121C /* UIView+WebCacheOperation.m in Sources */,
				65DA68ED1DB22C7900C165FC /* SRCF2FTestURLProtocol.m in Sources */,
				65DD918B1DB165770063121C /* NSImage+WebCache.m in Sources */,
				65DD917B1DB165770063121C /* PMKPromise+Until.m in Sources */,
				65DD91891DB165770063121C /* MKAnnotationView+WebCache.m in Sources */,
				65DD917E1DB165770063121C /* PMKPromise.m in Sources */,
				65DD917C1DB165770063121C /* PMKPromise+When.m in Sources */,
				65DD91911DB165770063121C /* SDWebImageDownloaderOperation.m in Sources */,
				65DD91791DB165770063121C /* PMKPromise+Join.m in Sources */,
				65DD91971DB165770063121C /* UIImage+WebP.m in Sources */,
				65DD91A41DB190190063121C /* SRCSignal.m in Sources */,
				65DD91901DB165770063121C /* SDWebImageDownloader.m in Sources */,
				65E712981DB16247009574CD /* SRCDetailViewController.m in Sources */,
				65DD91961DB165770063121C /* UIImage+MultiFormat.m in Sources */,
				65DD91A11DB184C00063121C /* SRCF2FRecipe.m in Sources */,
				65DD918F1DB165770063121C /* SDWebImageDecoder.m in Sources */,
				65DD917A1DB165770063121C /* PMKPromise+Pause.m in Sources */,
				65DD91941DB165770063121C /* UIButton+WebCache.m in Sources */,
				65DD91931DB165770063121C /* SDWebImagePrefetcher.m in Sources */,
				65DA68E81DB21F6500C165FC /* SRCSearchEngine.m in Sources */,
				65DD918D1DB165770063121C /* SDImageCacheConfig.m in Sources */,
				65DD91951DB165770063121C /* UIImage+GIF.m in Sources */,
				65DD918A1DB165770063121C /* NSData+ImageContentType.m in Sources */,
				65DD918E1DB165770063121C /* SDWebImageCompat.m in Sources */,
				65DD917D1DB165770063121C /* PMKPromise+Zalgo.m in Sources */,
			);
			runOnlyForDeploymentPostprocessing = 0;
		};
		65E712A21DB16248009574CD /* Sources */ = {
			isa = PBXSourcesBuildPhase;
			buildActionMask = 2147483647;
			files = (
				65DA68F11DB2855F00C165FC /* SRCF2FServiceTests.m in Sources */,
			);
			runOnlyForDeploymentPostprocessing = 0;
		};
		65E712AD1DB16248009574CD /* Sources */ = {
			isa = PBXSourcesBuildPhase;
			buildActionMask = 2147483647;
			files = (
				65E712B61DB16248009574CD /* SRCSocialRecipeCatalogUITests.m in Sources */,
			);
			runOnlyForDeploymentPostprocessing = 0;
		};
/* End PBXSourcesBuildPhase section */

/* Begin PBXTargetDependency section */
		65E712A81DB16248009574CD /* PBXTargetDependency */ = {
			isa = PBXTargetDependency;
			target = 65E712891DB16247009574CD /* SocialRecipeCatalog */;
			targetProxy = 65E712A71DB16248009574CD /* PBXContainerItemProxy */;
		};
		65E712B31DB16248009574CD /* PBXTargetDependency */ = {
			isa = PBXTargetDependency;
			target = 65E712891DB16247009574CD /* SocialRecipeCatalog */;
			targetProxy = 65E712B21DB16248009574CD /* PBXContainerItemProxy */;
		};
/* End PBXTargetDependency section */

/* Begin PBXVariantGroup section */
		65E712991DB16247009574CD /* Main.storyboard */ = {
			isa = PBXVariantGroup;
			children = (
				65E7129A1DB16247009574CD /* Base */,
			);
			name = Main.storyboard;
			sourceTree = "<group>";
		};
		65E7129E1DB16247009574CD /* LaunchScreen.storyboard */ = {
			isa = PBXVariantGroup;
			children = (
				65E7129F1DB16247009574CD /* Base */,
			);
			name = LaunchScreen.storyboard;
			sourceTree = "<group>";
		};
/* End PBXVariantGroup section */

/* Begin XCBuildConfiguration section */
		65E712B81DB16248009574CD /* Debug */ = {
			isa = XCBuildConfiguration;
			buildSettings = {
				ALWAYS_SEARCH_USER_PATHS = NO;
				CLANG_ANALYZER_NONNULL = YES;
				CLANG_CXX_LANGUAGE_STANDARD = "gnu++0x";
				CLANG_CXX_LIBRARY = "libc++";
				CLANG_ENABLE_MODULES = YES;
				CLANG_ENABLE_OBJC_ARC = YES;
				CLANG_WARN_BOOL_CONVERSION = YES;
				CLANG_WARN_CONSTANT_CONVERSION = YES;
				CLANG_WARN_DIRECT_OBJC_ISA_USAGE = YES_ERROR;
				CLANG_WARN_EMPTY_BODY = YES;
				CLANG_WARN_ENUM_CONVERSION = YES;
				CLANG_WARN_INT_CONVERSION = YES;
				CLANG_WARN_OBJC_ROOT_CLASS = YES_ERROR;
				CLANG_WARN_UNREACHABLE_CODE = YES;
				CLANG_WARN__DUPLICATE_METHOD_MATCH = YES;
				"CODE_SIGN_IDENTITY[sdk=iphoneos*]" = "iPhone Developer";
				COPY_PHASE_STRIP = NO;
				DEBUG_INFORMATION_FORMAT = dwarf;
				ENABLE_STRICT_OBJC_MSGSEND = YES;
				ENABLE_TESTABILITY = YES;
				GCC_C_LANGUAGE_STANDARD = gnu99;
				GCC_DYNAMIC_NO_PIC = NO;
				GCC_NO_COMMON_BLOCKS = YES;
				GCC_OPTIMIZATION_LEVEL = 0;
				GCC_PREPROCESSOR_DEFINITIONS = (
					"DEBUG=1",
					"$(inherited)",
				);
				GCC_WARN_64_TO_32_BIT_CONVERSION = YES;
				GCC_WARN_ABOUT_RETURN_TYPE = YES_ERROR;
				GCC_WARN_UNDECLARED_SELECTOR = YES;
				GCC_WARN_UNINITIALIZED_AUTOS = YES_AGGRESSIVE;
				GCC_WARN_UNUSED_FUNCTION = YES;
				GCC_WARN_UNUSED_VARIABLE = YES;
				IPHONEOS_DEPLOYMENT_TARGET = 8.0;
				MTL_ENABLE_DEBUG_INFO = YES;
				ONLY_ACTIVE_ARCH = YES;
				SDKROOT = iphoneos;
				TARGETED_DEVICE_FAMILY = "1,2";
			};
			name = Debug;
		};
		65E712B91DB16248009574CD /* Release */ = {
			isa = XCBuildConfiguration;
			buildSettings = {
				ALWAYS_SEARCH_USER_PATHS = NO;
				CLANG_ANALYZER_NONNULL = YES;
				CLANG_CXX_LANGUAGE_STANDARD = "gnu++0x";
				CLANG_CXX_LIBRARY = "libc++";
				CLANG_ENABLE_MODULES = YES;
				CLANG_ENABLE_OBJC_ARC = YES;
				CLANG_WARN_BOOL_CONVERSION = YES;
				CLANG_WARN_CONSTANT_CONVERSION = YES;
				CLANG_WARN_DIRECT_OBJC_ISA_USAGE = YES_ERROR;
				CLANG_WARN_EMPTY_BODY = YES;
				CLANG_WARN_ENUM_CONVERSION = YES;
				CLANG_WARN_INT_CONVERSION = YES;
				CLANG_WARN_OBJC_ROOT_CLASS = YES_ERROR;
				CLANG_WARN_UNREACHABLE_CODE = YES;
				CLANG_WARN__DUPLICATE_METHOD_MATCH = YES;
				"CODE_SIGN_IDENTITY[sdk=iphoneos*]" = "iPhone Developer";
				COPY_PHASE_STRIP = NO;
				DEBUG_INFORMATION_FORMAT = "dwarf-with-dsym";
				ENABLE_NS_ASSERTIONS = NO;
				ENABLE_STRICT_OBJC_MSGSEND = YES;
				GCC_C_LANGUAGE_STANDARD = gnu99;
				GCC_NO_COMMON_BLOCKS = YES;
				GCC_WARN_64_TO_32_BIT_CONVERSION = YES;
				GCC_WARN_ABOUT_RETURN_TYPE = YES_ERROR;
				GCC_WARN_UNDECLARED_SELECTOR = YES;
				GCC_WARN_UNINITIALIZED_AUTOS = YES_AGGRESSIVE;
				GCC_WARN_UNUSED_FUNCTION = YES;
				GCC_WARN_UNUSED_VARIABLE = YES;
				IPHONEOS_DEPLOYMENT_TARGET = 8.0;
				MTL_ENABLE_DEBUG_INFO = NO;
				SDKROOT = iphoneos;
				TARGETED_DEVICE_FAMILY = "1,2";
				VALIDATE_PRODUCT = YES;
			};
			name = Release;
		};
		65E712BB1DB16248009574CD /* Debug */ = {
			isa = XCBuildConfiguration;
			buildSettings = {
				ASSETCATALOG_COMPILER_APPICON_NAME = AppIcon;
				HEADER_SEARCH_PATHS = (
					"$(SRCROOT)/SocialRecipeCatalog/Vendor/PromiseKit/Sources/",
					"$(SRCROOT)/SocialRecipeCatalog/Vendor/SDWebImage/",
				);
				INFOPLIST_FILE = SocialRecipeCatalog/Info.plist;
				IPHONEOS_DEPLOYMENT_TARGET = 8.0;
				LD_RUNPATH_SEARCH_PATHS = "$(inherited) @executable_path/Frameworks";
				PRODUCT_BUNDLE_IDENTIFIER = name.lazarenko.daniel.SocialRecipeCatalog;
				PRODUCT_NAME = "$(TARGET_NAME)";
				USER_HEADER_SEARCH_PATHS = "";
			};
			name = Debug;
		};
		65E712BC1DB16248009574CD /* Release */ = {
			isa = XCBuildConfiguration;
			buildSettings = {
				ASSETCATALOG_COMPILER_APPICON_NAME = AppIcon;
				HEADER_SEARCH_PATHS = (
					"$(SRCROOT)/SocialRecipeCatalog/Vendor/PromiseKit/Sources/",
					"$(SRCROOT)/SocialRecipeCatalog/Vendor/SDWebImage/",
				);
				INFOPLIST_FILE = SocialRecipeCatalog/Info.plist;
				IPHONEOS_DEPLOYMENT_TARGET = 8.0;
				LD_RUNPATH_SEARCH_PATHS = "$(inherited) @executable_path/Frameworks";
				PRODUCT_BUNDLE_IDENTIFIER = name.lazarenko.daniel.SocialRecipeCatalog;
				PRODUCT_NAME = "$(TARGET_NAME)";
				USER_HEADER_SEARCH_PATHS = "";
			};
			name = Release;
		};
		65E712BE1DB16248009574CD /* Debug */ = {
			isa = XCBuildConfiguration;
			buildSettings = {
				BUNDLE_LOADER = "$(TEST_HOST)";
				INFOPLIST_FILE = SocialRecipeCatalogTests/Info.plist;
				LD_RUNPATH_SEARCH_PATHS = "$(inherited) @executable_path/Frameworks @loader_path/Frameworks";
				PRODUCT_BUNDLE_IDENTIFIER = name.lazarenko.daniel.SocialRecipeCatalogTests;
				PRODUCT_NAME = "$(TARGET_NAME)";
				TEST_HOST = "$(BUILT_PRODUCTS_DIR)/SocialRecipeCatalog.app/SocialRecipeCatalog";
			};
			name = Debug;
		};
		65E712BF1DB16248009574CD /* Release */ = {
			isa = XCBuildConfiguration;
			buildSettings = {
				BUNDLE_LOADER = "$(TEST_HOST)";
				INFOPLIST_FILE = SocialRecipeCatalogTests/Info.plist;
				LD_RUNPATH_SEARCH_PATHS = "$(inherited) @executable_path/Frameworks @loader_path/Frameworks";
				PRODUCT_BUNDLE_IDENTIFIER = name.lazarenko.daniel.SocialRecipeCatalogTests;
				PRODUCT_NAME = "$(TARGET_NAME)";
				TEST_HOST = "$(BUILT_PRODUCTS_DIR)/SocialRecipeCatalog.app/SocialRecipeCatalog";
			};
			name = Release;
		};
		65E712C11DB16248009574CD /* Debug */ = {
			isa = XCBuildConfiguration;
			buildSettings = {
				INFOPLIST_FILE = SocialRecipeCatalogUITests/Info.plist;
				LD_RUNPATH_SEARCH_PATHS = "$(inherited) @executable_path/Frameworks @loader_path/Frameworks";
				PRODUCT_BUNDLE_IDENTIFIER = name.lazarenko.daniel.SocialRecipeCatalogUITests;
				PRODUCT_NAME = "$(TARGET_NAME)";
				TEST_TARGET_NAME = SocialRecipeCatalog;
			};
			name = Debug;
		};
		65E712C21DB16248009574CD /* Release */ = {
			isa = XCBuildConfiguration;
			buildSettings = {
				INFOPLIST_FILE = SocialRecipeCatalogUITests/Info.plist;
				LD_RUNPATH_SEARCH_PATHS = "$(inherited) @executable_path/Frameworks @loader_path/Frameworks";
				PRODUCT_BUNDLE_IDENTIFIER = name.lazarenko.daniel.SocialRecipeCatalogUITests;
				PRODUCT_NAME = "$(TARGET_NAME)";
				TEST_TARGET_NAME = SocialRecipeCatalog;
			};
			name = Release;
		};
/* End XCBuildConfiguration section */

/* Begin XCConfigurationList section */
		65E712851DB16247009574CD /* Build configuration list for PBXProject "SocialRecipeCatalog" */ = {
			isa = XCConfigurationList;
			buildConfigurations = (
				65E712B81DB16248009574CD /* Debug */,
				65E712B91DB16248009574CD /* Release */,
			);
			defaultConfigurationIsVisible = 0;
			defaultConfigurationName = Release;
		};
		65E712BA1DB16248009574CD /* Build configuration list for PBXNativeTarget "SocialRecipeCatalog" */ = {
			isa = XCConfigurationList;
			buildConfigurations = (
				65E712BB1DB16248009574CD /* Debug */,
				65E712BC1DB16248009574CD /* Release */,
			);
			defaultConfigurationIsVisible = 0;
			defaultConfigurationName = Release;
		};
		65E712BD1DB16248009574CD /* Build configuration list for PBXNativeTarget "SocialRecipeCatalogTests" */ = {
			isa = XCConfigurationList;
			buildConfigurations = (
				65E712BE1DB16248009574CD /* Debug */,
				65E712BF1DB16248009574CD /* Release */,
			);
			defaultConfigurationIsVisible = 0;
			defaultConfigurationName = Release;
		};
		65E712C01DB16248009574CD /* Build configuration list for PBXNativeTarget "SocialRecipeCatalogUITests" */ = {
			isa = XCConfigurationList;
			buildConfigurations = (
				65E712C11DB16248009574CD /* Debug */,
				65E712C21DB16248009574CD /* Release */,
			);
			defaultConfigurationIsVisible = 0;
			defaultConfigurationName = Release;
		};
/* End XCConfigurationList section */
	};
	rootObject = 65E712821DB16247009574CD /* Project object */;
}
